
Microsoft Visual Studio Solution File, Format Version 12.00
# Visual Studio Version 17
VisualStudioVersion = 17.7.34031.279
MinimumVisualStudioVersion = 10.0.40219.1
Project("{9A19103F-16F7-4668-BE54-9A1E7A4F7556}") = "Variables", "Variables\Variables.csproj", "{8FD1465A-5F56-45AE-B339-5B012AF60954}"
EndProject
Project("{9A19103F-16F7-4668-BE54-9A1E7A4F7556}") = "TipoDeDatos", "TipoDeDatos\TipoDeDatos.csproj", "{61272774-C240-4382-BE1C-E9BCBB8AF93A}"
EndProject
Project("{9A19103F-16F7-4668-BE54-9A1E7A4F7556}") = "Funciones", "Funciones\Funciones.csproj", "{87CBC8CF-C4AA-495A-84EF-F4F953D7EF7D}"
EndProject
Project("{9A19103F-16F7-4668-BE54-9A1E7A4F7556}") = "SenenciaIfElseIf", "SenencialIfElseIf\SenenciaIfElseIf.csproj", "{59A121D8-2A3B-4A92-BDB5-38DDD91F21F5}"
EndProject
Project("{9A19103F-16F7-4668-BE54-9A1E7A4F7556}") = "SwitchCase", "SwitchCase\SwitchCase.csproj", "{CE1A2792-9F24-4049-8136-0B7AD800BF7E}"
EndProject
Project("{9A19103F-16F7-4668-BE54-9A1E7A4F7556}") = "Arrays", "Arrays\Arrays.csproj", "{4C89EA35-7AC4-4851-8F8C-10FC9D188A38}"
EndProject
Project("{9A19103F-16F7-4668-BE54-9A1E7A4F7556}") = "While", "While\While.csproj", "{090190B6-B435-4065-B858-4358BE2FCB99}"
EndProject
Project("{9A19103F-16F7-4668-BE54-9A1E7A4F7556}") = "For", "For\For.csproj", "{87ABD4FE-ED11-400F-851C-53C5DB587C53}"
EndProject
Project("{9A19103F-16F7-4668-BE54-9A1E7A4F7556}") = "ClasesYObjetos", "ClasesYObjetos\ClasesYObjetos.csproj", "{E35DB138-53A8-4944-9397-2D4DB45A2E7D}"
EndProject
Project("{9A19103F-16F7-4668-BE54-9A1E7A4F7556}") = "Propiedades", "Propiedades\Propiedades.csproj", "{E0B4D464-C22D-4C79-A4EC-1BEACBE40CE5}"
EndProject
Project("{9A19103F-16F7-4668-BE54-9A1E7A4F7556}") = "Herencia", "Herencia\Herencia.csproj", "{74ECB3B5-BC4B-429C-88F4-B163A3221689}"
EndProject
Project("{9A19103F-16F7-4668-BE54-9A1E7A4F7556}") = "Sobrecarga", "Sobrecarga\Sobrecarga.csproj", "{F51F3478-D4B1-4B0C-9EA9-8E962F253E15}"
EndProject
Project("{9A19103F-16F7-4668-BE54-9A1E7A4F7556}") = "Sobreescritura", "Sobreescritura\Sobreescritura.csproj", "{726D823B-0343-42B0-870B-343FF8681991}"
EndProject
Project("{9A19103F-16F7-4668-BE54-9A1E7A4F7556}") = "Static", "Static\Static.csproj", "{030FD2D9-DAF3-42B2-A0D1-19AA1434CA5B}"
EndProject
Project("{9A19103F-16F7-4668-BE54-9A1E7A4F7556}") = "Interface", "Interface\Interface.csproj", "{DFDE2871-F7C4-4F7F-8DBE-91C6DBB4A07D}"
EndProject
Project("{9A19103F-16F7-4668-BE54-9A1E7A4F7556}") = "Generic", "Generic\Generic.csproj", "{BC9C603B-A27B-4B7C-BA61-1C52D83EB25C}"
EndProject
Project("{9A19103F-16F7-4668-BE54-9A1E7A4F7556}") = "Json", "Json\Json.csproj", "{69C6A4A9-5849-4645-9551-67379CBB8B3E}"
EndProject
Project("{9A19103F-16F7-4668-BE54-9A1E7A4F7556}") = "Lists", "Lists\Lists.csproj", "{60CF326D-F20D-4BEA-8482-9E4F897F3AB2}"
EndProject
Project("{9A19103F-16F7-4668-BE54-9A1E7A4F7556}") = "ForEach", "ForEach\ForEach.csproj", "{25179E4A-4039-492A-83EA-7ECD8E5DC73A}"
EndProject
Project("{9A19103F-16F7-4668-BE54-9A1E7A4F7556}") = "ListCommonMethods", "ListCommonMethods\ListCommonMethods.csproj", "{B8E21473-952C-4BC3-A145-2ED34F1AFF20}"
EndProject
Project("{9A19103F-16F7-4668-BE54-9A1E7A4F7556}") = "TiposAnonimos", "TiposAnonimos\TiposAnonimos.csproj", "{10396049-90EB-443C-8BCB-695A8DDCE9B8}"
EndProject
Project("{9A19103F-16F7-4668-BE54-9A1E7A4F7556}") = "Tuplas", "Tuplas\Tuplas.csproj", "{CBB1DE99-869C-4805-97EA-8D88F6D775EB}"
EndProject
Project("{9A19103F-16F7-4668-BE54-9A1E7A4F7556}") = "Excepciones", "Excepciones\Excepciones.csproj", "{FF0581AD-B140-4073-94A6-78C39D28CFC9}"
EndProject
Project("{9A19103F-16F7-4668-BE54-9A1E7A4F7556}") = "ExcepcionesPersonalizadas", "ExcepcionesPersonalizadas\ExcepcionesPersonalizadas.csproj", "{1660D037-98C2-4FBA-B7C8-668AB0BCDB8D}"
EndProject
Project("{9A19103F-16F7-4668-BE54-9A1E7A4F7556}") = "LINQ", "LINQ\LINQ.csproj", "{19EB77B2-E9DA-4C05-AA06-B9BD71697581}"
EndProject
Project("{9A19103F-16F7-4668-BE54-9A1E7A4F7556}") = "LINQ_Join", "LINQ_Join\LINQ_Join.csproj", "{98E9CCB0-0B08-415D-B43B-0D1D4A48425E}"
EndProject
Project("{9A19103F-16F7-4668-BE54-9A1E7A4F7556}") = "BaseDeDatos", "BaseDeDatos\BaseDeDatos.csproj", "{2B2C22A0-BF2C-4EBB-846E-094FB0C56035}"
EndProject
Project("{9A19103F-16F7-4668-BE54-9A1E7A4F7556}") = "BD", "BD\BD.csproj", "{5950F3B8-4940-4675-A80C-9E2F57288D48}"
EndProject
Project("{9A19103F-16F7-4668-BE54-9A1E7A4F7556}") = "EntityFrameworkSystem", "EntityFrameworkSystem\EntityFrameworkSystem.csproj", "{E1671BFA-61A0-47EA-B5EB-A3CCE8C5D9B0}"
EndProject
Project("{9A19103F-16F7-4668-BE54-9A1E7A4F7556}") = "FunctionalProgramming", "FunctionalProgramming\FunctionalProgramming.csproj", "{FBB6EBAA-8A1E-4ECC-AEF3-0DC282DBCCB0}"
EndProject
Project("{FAE04EC0-301F-11D3-BF4B-00C04F79EFBC}") = "PruebaProyecto", "PruebaProyecto\PruebaProyecto.csproj", "{AA4D55FD-F1FA-4CDA-8BC4-67EDD3BCD9BA}"
EndProject
Project("{FAE04EC0-301F-11D3-BF4B-00C04F79EFBC}") = "Formulario", "Formulario\Formulario.csproj", "{DB2A2CFB-9AEF-4920-83D5-C2C213047DDD}"
EndProject
Project("{FAE04EC0-301F-11D3-BF4B-00C04F79EFBC}") = "Prueba", "Prueba\Prueba.csproj", "{FE638A43-D4E4-45E3-A825-3B30FCCC2DB3}"
EndProject
Global
	GlobalSection(SolutionConfigurationPlatforms) = preSolution
		Debug|Any CPU = Debug|Any CPU
		Release|Any CPU = Release|Any CPU
	EndGlobalSection
	GlobalSection(ProjectConfigurationPlatforms) = postSolution
		{8FD1465A-5F56-45AE-B339-5B012AF60954}.Debug|Any CPU.ActiveCfg = Debug|Any CPU
		{8FD1465A-5F56-45AE-B339-5B012AF60954}.Debug|Any CPU.Build.0 = Debug|Any CPU
		{8FD1465A-5F56-45AE-B339-5B012AF60954}.Release|Any CPU.ActiveCfg = Release|Any CPU
		{8FD1465A-5F56-45AE-B339-5B012AF60954}.Release|Any CPU.Build.0 = Release|Any CPU
		{61272774-C240-4382-BE1C-E9BCBB8AF93A}.Debug|Any CPU.ActiveCfg = Debug|Any CPU
		{61272774-C240-4382-BE1C-E9BCBB8AF93A}.Debug|Any CPU.Build.0 = Debug|Any CPU
		{61272774-C240-4382-BE1C-E9BCBB8AF93A}.Release|Any CPU.ActiveCfg = Release|Any CPU
		{61272774-C240-4382-BE1C-E9BCBB8AF93A}.Release|Any CPU.Build.0 = Release|Any CPU
		{87CBC8CF-C4AA-495A-84EF-F4F953D7EF7D}.Debug|Any CPU.ActiveCfg = Debug|Any CPU
		{87CBC8CF-C4AA-495A-84EF-F4F953D7EF7D}.Debug|Any CPU.Build.0 = Debug|Any CPU
		{87CBC8CF-C4AA-495A-84EF-F4F953D7EF7D}.Release|Any CPU.ActiveCfg = Release|Any CPU
		{87CBC8CF-C4AA-495A-84EF-F4F953D7EF7D}.Release|Any CPU.Build.0 = Release|Any CPU
		{59A121D8-2A3B-4A92-BDB5-38DDD91F21F5}.Debug|Any CPU.ActiveCfg = Debug|Any CPU
		{59A121D8-2A3B-4A92-BDB5-38DDD91F21F5}.Debug|Any CPU.Build.0 = Debug|Any CPU
		{59A121D8-2A3B-4A92-BDB5-38DDD91F21F5}.Release|Any CPU.ActiveCfg = Release|Any CPU
		{59A121D8-2A3B-4A92-BDB5-38DDD91F21F5}.Release|Any CPU.Build.0 = Release|Any CPU
		{CE1A2792-9F24-4049-8136-0B7AD800BF7E}.Debug|Any CPU.ActiveCfg = Debug|Any CPU
		{CE1A2792-9F24-4049-8136-0B7AD800BF7E}.Debug|Any CPU.Build.0 = Debug|Any CPU
		{CE1A2792-9F24-4049-8136-0B7AD800BF7E}.Release|Any CPU.ActiveCfg = Release|Any CPU
		{CE1A2792-9F24-4049-8136-0B7AD800BF7E}.Release|Any CPU.Build.0 = Release|Any CPU
		{4C89EA35-7AC4-4851-8F8C-10FC9D188A38}.Debug|Any CPU.ActiveCfg = Debug|Any CPU
		{4C89EA35-7AC4-4851-8F8C-10FC9D188A38}.Debug|Any CPU.Build.0 = Debug|Any CPU
		{4C89EA35-7AC4-4851-8F8C-10FC9D188A38}.Release|Any CPU.ActiveCfg = Release|Any CPU
		{4C89EA35-7AC4-4851-8F8C-10FC9D188A38}.Release|Any CPU.Build.0 = Release|Any CPU
		{090190B6-B435-4065-B858-4358BE2FCB99}.Debug|Any CPU.ActiveCfg = Debug|Any CPU
		{090190B6-B435-4065-B858-4358BE2FCB99}.Debug|Any CPU.Build.0 = Debug|Any CPU
		{090190B6-B435-4065-B858-4358BE2FCB99}.Release|Any CPU.ActiveCfg = Release|Any CPU
		{090190B6-B435-4065-B858-4358BE2FCB99}.Release|Any CPU.Build.0 = Release|Any CPU
		{87ABD4FE-ED11-400F-851C-53C5DB587C53}.Debug|Any CPU.ActiveCfg = Debug|Any CPU
		{87ABD4FE-ED11-400F-851C-53C5DB587C53}.Debug|Any CPU.Build.0 = Debug|Any CPU
		{87ABD4FE-ED11-400F-851C-53C5DB587C53}.Release|Any CPU.ActiveCfg = Release|Any CPU
		{87ABD4FE-ED11-400F-851C-53C5DB587C53}.Release|Any CPU.Build.0 = Release|Any CPU
		{E35DB138-53A8-4944-9397-2D4DB45A2E7D}.Debug|Any CPU.ActiveCfg = Debug|Any CPU
		{E35DB138-53A8-4944-9397-2D4DB45A2E7D}.Debug|Any CPU.Build.0 = Debug|Any CPU
		{E35DB138-53A8-4944-9397-2D4DB45A2E7D}.Release|Any CPU.ActiveCfg = Release|Any CPU
		{E35DB138-53A8-4944-9397-2D4DB45A2E7D}.Release|Any CPU.Build.0 = Release|Any CPU
		{E0B4D464-C22D-4C79-A4EC-1BEACBE40CE5}.Debug|Any CPU.ActiveCfg = Debug|Any CPU
		{E0B4D464-C22D-4C79-A4EC-1BEACBE40CE5}.Debug|Any CPU.Build.0 = Debug|Any CPU
		{E0B4D464-C22D-4C79-A4EC-1BEACBE40CE5}.Release|Any CPU.ActiveCfg = Release|Any CPU
		{E0B4D464-C22D-4C79-A4EC-1BEACBE40CE5}.Release|Any CPU.Build.0 = Release|Any CPU
		{74ECB3B5-BC4B-429C-88F4-B163A3221689}.Debug|Any CPU.ActiveCfg = Debug|Any CPU
		{74ECB3B5-BC4B-429C-88F4-B163A3221689}.Debug|Any CPU.Build.0 = Debug|Any CPU
		{74ECB3B5-BC4B-429C-88F4-B163A3221689}.Release|Any CPU.ActiveCfg = Release|Any CPU
		{74ECB3B5-BC4B-429C-88F4-B163A3221689}.Release|Any CPU.Build.0 = Release|Any CPU
		{F51F3478-D4B1-4B0C-9EA9-8E962F253E15}.Debug|Any CPU.ActiveCfg = Debug|Any CPU
		{F51F3478-D4B1-4B0C-9EA9-8E962F253E15}.Debug|Any CPU.Build.0 = Debug|Any CPU
		{F51F3478-D4B1-4B0C-9EA9-8E962F253E15}.Release|Any CPU.ActiveCfg = Release|Any CPU
		{F51F3478-D4B1-4B0C-9EA9-8E962F253E15}.Release|Any CPU.Build.0 = Release|Any CPU
		{726D823B-0343-42B0-870B-343FF8681991}.Debug|Any CPU.ActiveCfg = Debug|Any CPU
		{726D823B-0343-42B0-870B-343FF8681991}.Debug|Any CPU.Build.0 = Debug|Any CPU
		{726D823B-0343-42B0-870B-343FF8681991}.Release|Any CPU.ActiveCfg = Release|Any CPU
		{726D823B-0343-42B0-870B-343FF8681991}.Release|Any CPU.Build.0 = Release|Any CPU
		{030FD2D9-DAF3-42B2-A0D1-19AA1434CA5B}.Debug|Any CPU.ActiveCfg = Debug|Any CPU
		{030FD2D9-DAF3-42B2-A0D1-19AA1434CA5B}.Debug|Any CPU.Build.0 = Debug|Any CPU
		{030FD2D9-DAF3-42B2-A0D1-19AA1434CA5B}.Release|Any CPU.ActiveCfg = Release|Any CPU
		{030FD2D9-DAF3-42B2-A0D1-19AA1434CA5B}.Release|Any CPU.Build.0 = Release|Any CPU
		{DFDE2871-F7C4-4F7F-8DBE-91C6DBB4A07D}.Debug|Any CPU.ActiveCfg = Debug|Any CPU
		{DFDE2871-F7C4-4F7F-8DBE-91C6DBB4A07D}.Debug|Any CPU.Build.0 = Debug|Any CPU
		{DFDE2871-F7C4-4F7F-8DBE-91C6DBB4A07D}.Release|Any CPU.ActiveCfg = Release|Any CPU
		{DFDE2871-F7C4-4F7F-8DBE-91C6DBB4A07D}.Release|Any CPU.Build.0 = Release|Any CPU
		{BC9C603B-A27B-4B7C-BA61-1C52D83EB25C}.Debug|Any CPU.ActiveCfg = Debug|Any CPU
		{BC9C603B-A27B-4B7C-BA61-1C52D83EB25C}.Debug|Any CPU.Build.0 = Debug|Any CPU
		{BC9C603B-A27B-4B7C-BA61-1C52D83EB25C}.Release|Any CPU.ActiveCfg = Release|Any CPU
		{BC9C603B-A27B-4B7C-BA61-1C52D83EB25C}.Release|Any CPU.Build.0 = Release|Any CPU
		{69C6A4A9-5849-4645-9551-67379CBB8B3E}.Debug|Any CPU.ActiveCfg = Debug|Any CPU
		{69C6A4A9-5849-4645-9551-67379CBB8B3E}.Debug|Any CPU.Build.0 = Debug|Any CPU
		{69C6A4A9-5849-4645-9551-67379CBB8B3E}.Release|Any CPU.ActiveCfg = Release|Any CPU
		{69C6A4A9-5849-4645-9551-67379CBB8B3E}.Release|Any CPU.Build.0 = Release|Any CPU
		{60CF326D-F20D-4BEA-8482-9E4F897F3AB2}.Debug|Any CPU.ActiveCfg = Debug|Any CPU
		{60CF326D-F20D-4BEA-8482-9E4F897F3AB2}.Debug|Any CPU.Build.0 = Debug|Any CPU
		{60CF326D-F20D-4BEA-8482-9E4F897F3AB2}.Release|Any CPU.ActiveCfg = Release|Any CPU
		{60CF326D-F20D-4BEA-8482-9E4F897F3AB2}.Release|Any CPU.Build.0 = Release|Any CPU
		{25179E4A-4039-492A-83EA-7ECD8E5DC73A}.Debug|Any CPU.ActiveCfg = Debug|Any CPU
		{25179E4A-4039-492A-83EA-7ECD8E5DC73A}.Debug|Any CPU.Build.0 = Debug|Any CPU
		{25179E4A-4039-492A-83EA-7ECD8E5DC73A}.Release|Any CPU.ActiveCfg = Release|Any CPU
		{25179E4A-4039-492A-83EA-7ECD8E5DC73A}.Release|Any CPU.Build.0 = Release|Any CPU
		{B8E21473-952C-4BC3-A145-2ED34F1AFF20}.Debug|Any CPU.ActiveCfg = Debug|Any CPU
		{B8E21473-952C-4BC3-A145-2ED34F1AFF20}.Debug|Any CPU.Build.0 = Debug|Any CPU
		{B8E21473-952C-4BC3-A145-2ED34F1AFF20}.Release|Any CPU.ActiveCfg = Release|Any CPU
		{B8E21473-952C-4BC3-A145-2ED34F1AFF20}.Release|Any CPU.Build.0 = Release|Any CPU
		{10396049-90EB-443C-8BCB-695A8DDCE9B8}.Debug|Any CPU.ActiveCfg = Debug|Any CPU
		{10396049-90EB-443C-8BCB-695A8DDCE9B8}.Debug|Any CPU.Build.0 = Debug|Any CPU
		{10396049-90EB-443C-8BCB-695A8DDCE9B8}.Release|Any CPU.ActiveCfg = Release|Any CPU
		{10396049-90EB-443C-8BCB-695A8DDCE9B8}.Release|Any CPU.Build.0 = Release|Any CPU
		{CBB1DE99-869C-4805-97EA-8D88F6D775EB}.Debug|Any CPU.ActiveCfg = Debug|Any CPU
		{CBB1DE99-869C-4805-97EA-8D88F6D775EB}.Debug|Any CPU.Build.0 = Debug|Any CPU
		{CBB1DE99-869C-4805-97EA-8D88F6D775EB}.Release|Any CPU.ActiveCfg = Release|Any CPU
		{CBB1DE99-869C-4805-97EA-8D88F6D775EB}.Release|Any CPU.Build.0 = Release|Any CPU
		{FF0581AD-B140-4073-94A6-78C39D28CFC9}.Debug|Any CPU.ActiveCfg = Debug|Any CPU
		{FF0581AD-B140-4073-94A6-78C39D28CFC9}.Debug|Any CPU.Build.0 = Debug|Any CPU
		{FF0581AD-B140-4073-94A6-78C39D28CFC9}.Release|Any CPU.ActiveCfg = Release|Any CPU
		{FF0581AD-B140-4073-94A6-78C39D28CFC9}.Release|Any CPU.Build.0 = Release|Any CPU
		{1660D037-98C2-4FBA-B7C8-668AB0BCDB8D}.Debug|Any CPU.ActiveCfg = Debug|Any CPU
		{1660D037-98C2-4FBA-B7C8-668AB0BCDB8D}.Debug|Any CPU.Build.0 = Debug|Any CPU
		{1660D037-98C2-4FBA-B7C8-668AB0BCDB8D}.Release|Any CPU.ActiveCfg = Release|Any CPU
		{1660D037-98C2-4FBA-B7C8-668AB0BCDB8D}.Release|Any CPU.Build.0 = Release|Any CPU
		{19EB77B2-E9DA-4C05-AA06-B9BD71697581}.Debug|Any CPU.ActiveCfg = Debug|Any CPU
		{19EB77B2-E9DA-4C05-AA06-B9BD71697581}.Debug|Any CPU.Build.0 = Debug|Any CPU
		{19EB77B2-E9DA-4C05-AA06-B9BD71697581}.Release|Any CPU.ActiveCfg = Release|Any CPU
		{19EB77B2-E9DA-4C05-AA06-B9BD71697581}.Release|Any CPU.Build.0 = Release|Any CPU
		{98E9CCB0-0B08-415D-B43B-0D1D4A48425E}.Debug|Any CPU.ActiveCfg = Debug|Any CPU
		{98E9CCB0-0B08-415D-B43B-0D1D4A48425E}.Debug|Any CPU.Build.0 = Debug|Any CPU
		{98E9CCB0-0B08-415D-B43B-0D1D4A48425E}.Release|Any CPU.ActiveCfg = Release|Any CPU
		{98E9CCB0-0B08-415D-B43B-0D1D4A48425E}.Release|Any CPU.Build.0 = Release|Any CPU
		{2B2C22A0-BF2C-4EBB-846E-094FB0C56035}.Debug|Any CPU.ActiveCfg = Debug|Any CPU
		{2B2C22A0-BF2C-4EBB-846E-094FB0C56035}.Debug|Any CPU.Build.0 = Debug|Any CPU
		{2B2C22A0-BF2C-4EBB-846E-094FB0C56035}.Release|Any CPU.ActiveCfg = Release|Any CPU
		{2B2C22A0-BF2C-4EBB-846E-094FB0C56035}.Release|Any CPU.Build.0 = Release|Any CPU
		{5950F3B8-4940-4675-A80C-9E2F57288D48}.Debug|Any CPU.ActiveCfg = Debug|Any CPU
		{5950F3B8-4940-4675-A80C-9E2F57288D48}.Debug|Any CPU.Build.0 = Debug|Any CPU
		{5950F3B8-4940-4675-A80C-9E2F57288D48}.Release|Any CPU.ActiveCfg = Release|Any CPU
		{5950F3B8-4940-4675-A80C-9E2F57288D48}.Release|Any CPU.Build.0 = Release|Any CPU
		{E1671BFA-61A0-47EA-B5EB-A3CCE8C5D9B0}.Debug|Any CPU.ActiveCfg = Debug|Any CPU
		{E1671BFA-61A0-47EA-B5EB-A3CCE8C5D9B0}.Debug|Any CPU.Build.0 = Debug|Any CPU
		{E1671BFA-61A0-47EA-B5EB-A3CCE8C5D9B0}.Release|Any CPU.ActiveCfg = Release|Any CPU
		{E1671BFA-61A0-47EA-B5EB-A3CCE8C5D9B0}.Release|Any CPU.Build.0 = Release|Any CPU
		{FBB6EBAA-8A1E-4ECC-AEF3-0DC282DBCCB0}.Debug|Any CPU.ActiveCfg = Debug|Any CPU
		{FBB6EBAA-8A1E-4ECC-AEF3-0DC282DBCCB0}.Debug|Any CPU.Build.0 = Debug|Any CPU
		{FBB6EBAA-8A1E-4ECC-AEF3-0DC282DBCCB0}.Release|Any CPU.ActiveCfg = Release|Any CPU
		{FBB6EBAA-8A1E-4ECC-AEF3-0DC282DBCCB0}.Release|Any CPU.Build.0 = Release|Any CPU
		{AA4D55FD-F1FA-4CDA-8BC4-67EDD3BCD9BA}.Debug|Any CPU.ActiveCfg = Debug|Any CPU
		{AA4D55FD-F1FA-4CDA-8BC4-67EDD3BCD9BA}.Debug|Any CPU.Build.0 = Debug|Any CPU
		{AA4D55FD-F1FA-4CDA-8BC4-67EDD3BCD9BA}.Release|Any CPU.ActiveCfg = Release|Any CPU
		{AA4D55FD-F1FA-4CDA-8BC4-67EDD3BCD9BA}.Release|Any CPU.Build.0 = Release|Any CPU
		{DB2A2CFB-9AEF-4920-83D5-C2C213047DDD}.Debug|Any CPU.ActiveCfg = Debug|Any CPU
		{DB2A2CFB-9AEF-4920-83D5-C2C213047DDD}.Debug|Any CPU.Build.0 = Debug|Any CPU
		{DB2A2CFB-9AEF-4920-83D5-C2C213047DDD}.Release|Any CPU.ActiveCfg = Release|Any CPU
		{DB2A2CFB-9AEF-4920-83D5-C2C213047DDD}.Release|Any CPU.Build.0 = Release|Any CPU
		{FE638A43-D4E4-45E3-A825-3B30FCCC2DB3}.Debug|Any CPU.ActiveCfg = Debug|Any CPU
		{FE638A43-D4E4-45E3-A825-3B30FCCC2DB3}.Debug|Any CPU.Build.0 = Debug|Any CPU
		{FE638A43-D4E4-45E3-A825-3B30FCCC2DB3}.Release|Any CPU.ActiveCfg = Release|Any CPU
		{FE638A43-D4E4-45E3-A825-3B30FCCC2DB3}.Release|Any CPU.Build.0 = Release|Any CPU
	EndGlobalSection
	GlobalSection(SolutionProperties) = preSolution
		HideSolutionNode = FALSE
	EndGlobalSection
	GlobalSection(ExtensibilityGlobals) = postSolution
		SolutionGuid = {4C5CCA4C-52FD-4370-9457-EEC81483174C}
	EndGlobalSection
EndGlobal
